
Microsoft Visual Studio Solution File, Format Version 12.00
# Visual Studio Version 16
VisualStudioVersion = 16.0.29102.190
MinimumVisualStudioVersion = 10.0.40219.1
Project("{FAE04EC0-301F-11D3-BF4B-00C04F79EFBC}") = "Plugins", "Plugins\Plugins.csproj", "{2AD02854-F391-480C-8146-15B9982714F0}"
EndProject
Project("{FAE04EC0-301F-11D3-BF4B-00C04F79EFBC}") = "PostCreatePaymentRecords", "PostCreatePaymentRecords\PostCreatePaymentRecords.csproj", "{20A6390C-830C-4CC8-A174-19C69EA44D39}"
EndProject
Global
	GlobalSection(SolutionConfigurationPlatforms) = preSolution
		Debug|Any CPU = Debug|Any CPU
		Release|Any CPU = Release|Any CPU
	EndGlobalSection
	GlobalSection(ProjectConfigurationPlatforms) = postSolution
		{2AD02854-F391-480C-8146-15B9982714F0}.Debug|Any CPU.ActiveCfg = Debug|Any CPU
		{2AD02854-F391-480C-8146-15B9982714F0}.Debug|Any CPU.Build.0 = Debug|Any CPU
		{2AD02854-F391-480C-8146-15B9982714F0}.Release|Any CPU.ActiveCfg = Release|Any CPU
		{2AD02854-F391-480C-8146-15B9982714F0}.Release|Any CPU.Build.0 = Release|Any CPU
		{20A6390C-830C-4CC8-A174-19C69EA44D39}.Debug|Any CPU.ActiveCfg = Debug|Any CPU
		{20A6390C-830C-4CC8-A174-19C69EA44D39}.Debug|Any CPU.Build.0 = Debug|Any CPU
		{20A6390C-830C-4CC8-A174-19C69EA44D39}.Release|Any CPU.ActiveCfg = Release|Any CPU
		{20A6390C-830C-4CC8-A174-19C69EA44D39}.Release|Any CPU.Build.0 = Release|Any CPU
	EndGlobalSection
	GlobalSection(SolutionProperties) = preSolution
		HideSolutionNode = FALSE
	EndGlobalSection
	GlobalSection(ExtensibilityGlobals) = postSolution
		SolutionGuid = {8D520EE0-F02F-4E0B-97B1-F740A755A3CA}
	EndGlobalSection
EndGlobal
